
Microsoft Visual Studio Solution File, Format Version 12.00
# Visual Studio 15
VisualStudioVersion = 15.0.28307.329
MinimumVisualStudioVersion = 10.0.40219.1
Project("{8BC9CEB8-8B4A-11D0-8D11-00A0C91BC942}") = "Lab02", "Lab02\Lab02.vcxproj", "{BA205DD3-E167-4F81-B681-4EB6D38F3A7E}"
EndProject
Global
	GlobalSection(SolutionConfigurationPlatforms) = preSolution
		Debug|x64 = Debug|x64
		Debug|x86 = Debug|x86
		Release|x64 = Release|x64
		Release|x86 = Release|x86
	EndGlobalSection
	GlobalSection(ProjectConfigurationPlatforms) = postSolution
		{BA205DD3-E167-4F81-B681-4EB6D38F3A7E}.Debug|x64.ActiveCfg = Debug|x64
		{BA205DD3-E167-4F81-B681-4EB6D38F3A7E}.Debug|x64.Build.0 = Debug|x64
		{BA205DD3-E167-4F81-B681-4EB6D38F3A7E}.Debug|x86.ActiveCfg = Debug|Win32
		{BA205DD3-E167-4F81-B681-4EB6D38F3A7E}.Debug|x86.Build.0 = Debug|Win32
		{BA205DD3-E167-4F81-B681-4EB6D38F3A7E}.Release|x64.ActiveCfg = Release|x64
		{BA205DD3-E167-4F81-B681-4EB6D38F3A7E}.Release|x64.Build.0 = Release|x64
		{BA205DD3-E167-4F81-B681-4EB6D38F3A7E}.Release|x86.ActiveCfg = Release|Win32
		{BA205DD3-E167-4F81-B681-4EB6D38F3A7E}.Release|x86.Build.0 = Release|Win32
	EndGlobalSection
	GlobalSection(SolutionProperties) = preSolution
		HideSolutionNode = FALSE
	EndGlobalSection
	GlobalSection(ExtensibilityGlobals) = postSolution
		SolutionGuid = {1CD3A86C-C8A0-4E46-B178-EF35BBF9616F}
	EndGlobalSection
EndGlobal
